{
  "version": "5",
  "specifiers": {
    "jsr:@ashishkujoy/deno-coverage-checker@^0.0.9": "0.0.9",
    "jsr:@sauber/table@0.1": "0.1.0",
    "jsr:@std/assert@1": "1.0.19",
    "jsr:@std/assert@^1.0.17": "1.0.19",
    "jsr:@std/assert@^1.0.19": "1.0.19",
    "jsr:@std/async@^1.1.0": "1.2.0",
    "jsr:@std/cli@^1.0.16": "1.0.28",
    "jsr:@std/data-structures@^1.0.10": "1.0.10",
    "jsr:@std/expect@^1.0.18": "1.0.18",
    "jsr:@std/fs@^1.0.22": "1.0.22",
    "jsr:@std/internal@^1.0.12": "1.0.12",
    "jsr:@std/path@^1.1.4": "1.1.4",
    "jsr:@std/random@~0.1.5": "0.1.5",
    "jsr:@std/testing@^1.0.17": "1.0.17",
    "npm:hono@^4.12.10": "4.12.10",
    "npm:playwright@^1.59.1": "1.59.1"
  },
  "jsr": {
    "@ashishkujoy/deno-coverage-checker@0.0.9": {
      "integrity": "2965c88006436c9f234046c5cba1e909bdf6d2f08b32705c517543e196c52a65",
      "dependencies": [
        "jsr:@sauber/table",
        "jsr:@std/cli"
      ]
    },
    "@sauber/table@0.1.0": {
      "integrity": "528a02e0023c9e4aa00e438bebd9224263e718fac35fe833bc80b937e3d5ae65"
    },
    "@std/assert@1.0.19": {
      "integrity": "eaada96ee120cb980bc47e040f82814d786fe8162ecc53c91d8df60b8755991e",
      "dependencies": [
        "jsr:@std/internal"
      ]
    },
    "@std/async@1.2.0": {
      "integrity": "c059c6f6d95ca7cc012ae8e8d7164d1697113d54b0b679e4372b354b11c2dee5"
    },
    "@std/cli@1.0.28": {
      "integrity": "74ef9b976db59ca6b23a5283469c9072be6276853807a83ec6c7ce412135c70a"
    },
    "@std/data-structures@1.0.10": {
      "integrity": "f574f86b0e07c69b9edc555fcc814b57d29258bad39fd5a34ba8a80ecf033cfe"
    },
    "@std/expect@1.0.18": {
      "integrity": "8566eab35200466f8609eb7e7aed062ed0db314e9a258d5d201b1b8997ce801a",
      "dependencies": [
        "jsr:@std/assert@^1.0.19",
        "jsr:@std/internal",
        "jsr:@std/path"
      ]
    },
    "@std/fs@1.0.22": {
      "integrity": "de0f277a58a867147a8a01bc1b181d0dfa80bfddba8c9cf2bacd6747bcec9308",
      "dependencies": [
        "jsr:@std/path"
      ]
    },
    "@std/internal@1.0.12": {
      "integrity": "972a634fd5bc34b242024402972cd5143eac68d8dffaca5eaa4dba30ce17b027"
    },
    "@std/path@1.1.4": {
      "integrity": "1d2d43f39efb1b42f0b1882a25486647cb851481862dc7313390b2bb044314b5",
      "dependencies": [
        "jsr:@std/internal"
      ]
    },
    "@std/random@0.1.5": {
      "integrity": "d26614c4f6c441afc22397a1c5b8f27d02ab8f5572f1d29e7b0cd57f3d548235"
    },
    "@std/testing@1.0.17": {
      "integrity": "87bdc2700fa98249d48a17cd72413352d3d3680dcfbdb64947fd0982d6bbf681",
      "dependencies": [
        "jsr:@std/assert@^1.0.17",
        "jsr:@std/async",
        "jsr:@std/data-structures",
        "jsr:@std/fs",
        "jsr:@std/internal",
        "jsr:@std/path"
      ]
    }
  },
  "npm": {
    "fsevents@2.3.2": {
      "integrity": "sha512-xiqMQR4xAeHTuB9uWm+fFRcIOgKBMiOBP+eXiyT7jsgVCq1bkVygt00oASowB7EdtpOHaaPgKt812P9ab+DDKA==",
      "os": ["darwin"],
      "scripts": true
    },
    "hono@4.12.10": {
      "integrity": "sha512-mx/p18PLy5og9ufies2GOSUqep98Td9q4i/EF6X7yJgAiIopxqdfIO3jbqsi3jRgTgw88jMDEzVKi+V2EF+27w=="
    },
    "playwright-core@1.59.1": {
      "integrity": "sha512-HBV/RJg81z5BiiZ9yPzIiClYV/QMsDCKUyogwH9p3MCP6IYjUFu/MActgYAvK0oWyV9NlwM3GLBjADyWgydVyg==",
      "bin": true
    },
    "playwright@1.59.1": {
      "integrity": "sha512-C8oWjPR3F81yljW9o5OxcWzfh6avkVwDD2VYdwIGqTkl+OGFISgypqzfu7dOe4QNLL2aqcWBmI3PMtLIK233lw==",
      "dependencies": [
        "playwright-core"
      ],
      "optionalDependencies": [
        "fsevents"
      ],
      "bin": true
    }
  },
  "workspace": {
    "dependencies": [
      "jsr:@ashishkujoy/deno-coverage-checker@^0.0.9",
      "jsr:@std/assert@1",
      "jsr:@std/expect@^1.0.18",
      "jsr:@std/random@~0.1.5",
      "jsr:@std/testing@^1.0.17",
      "npm:hono@^4.12.10",
      "npm:playwright@^1.59.1"
    ],
    "packageJson": {
      "dependencies": [
        "npm:playwright@^1.59.1"
      ]
    }
  }
}
